
Microsoft Visual Studio Solution File, Format Version 12.00
# Visual Studio 2012
Project("{FAE04EC0-301F-11D3-BF4B-00C04F79EFBC}") = "Tallknuserne", "Tallknuserne\Tallknuserne.csproj", "{D2F988E6-77A4-49E8-8D94-E32C2391628C}"
EndProject
Global
	GlobalSection(SolutionConfigurationPlatforms) = preSolution
		Debug|Any CPU = Debug|Any CPU
		Release|Any CPU = Release|Any CPU
	EndGlobalSection
	GlobalSection(ProjectConfigurationPlatforms) = postSolution
		{D2F988E6-77A4-49E8-8D94-E32C2391628C}.Debug|Any CPU.ActiveCfg = Debug|Any CPU
		{D2F988E6-77A4-49E8-8D94-E32C2391628C}.Debug|Any CPU.Build.0 = Debug|Any CPU
		{D2F988E6-77A4-49E8-8D94-E32C2391628C}.Release|Any CPU.ActiveCfg = Release|Any CPU
		{D2F988E6-77A4-49E8-8D94-E32C2391628C}.Release|Any CPU.Build.0 = Release|Any CPU
	EndGlobalSection
	GlobalSection(SolutionProperties) = preSolution
		HideSolutionNode = FALSE
	EndGlobalSection
EndGlobal
